# This file is generated by running "yarn install" inside your project.
# Manual changes might be lost - proceed with caution!

__metadata:
  version: 6
  cacheKey: 8

"@types/d3-array@npm:^1":
  version: 1.2.9
  resolution: "@types/d3-array@npm:1.2.9"
  checksum: baa59c95d31fe541ed6bc45c2b508f73231353b910dfe7eb5ae3d66d3b38767677829802bfd86a1a2af435e48c218358d663343374846e6141d741c7c5ab0a91
  languageName: node
  linkType: hard

"@types/d3-axis@npm:^1":
  version: 1.0.16
  resolution: "@types/d3-axis@npm:1.0.16"
  dependencies:
    "@types/d3-selection": ^1
  checksum: 770bd5a0547e760d2f3c891efbe9a0ef1f1aee7696a519c04d3e4742858747bd60e8a06650bdd7d3e798fb8ab2b18195c10a38181108104e01b4297086103529
  languageName: node
  linkType: hard

"@types/d3-brush@npm:^1":
  version: 1.1.5
  resolution: "@types/d3-brush@npm:1.1.5"
  dependencies:
    "@types/d3-selection": ^1
  checksum: 58f0237780acdf1c5fd68e52c0fe348145e2da6e1df1d90a92065d679fd4f9ce92b4b525d054b79d827fb96a4cf34590ac85bf0973313ec1fce9540f8b7f3231
  languageName: node
  linkType: hard

"@types/d3-chord@npm:^1":
  version: 1.0.11
  resolution: "@types/d3-chord@npm:1.0.11"
  checksum: 2b609f82789923da00593647277959d5ec3e9e3fb706e2a0e84ba682aacdefed29cacd13ea785dfaac04438c66e4c16bc9383640f48e55fa0ba8fad5db0b03a9
  languageName: node
  linkType: hard

"@types/d3-collection@npm:*":
  version: 1.0.10
  resolution: "@types/d3-collection@npm:1.0.10"
  checksum: f6904524148f512ef1630667edbef5cd2255bacc9efe24401baf8e155e849b352c01688eb3176ccaf2cab291dd87abce2a731926490221752464bd4bfae01766
  languageName: node
  linkType: hard

"@types/d3-color@npm:^1":
  version: 1.4.2
  resolution: "@types/d3-color@npm:1.4.2"
  checksum: 60d0f00ceb53052a142c606465eeec49b264a8dee180ddeda121770bd24e2fe34d8c33140022d929a5bf3d862e6908a55ee86ac629d10ac93f124fb40db7022a
  languageName: node
  linkType: hard

"@types/d3-contour@npm:^1":
  version: 1.3.3
  resolution: "@types/d3-contour@npm:1.3.3"
  dependencies:
    "@types/d3-array": ^1
    "@types/geojson": "*"
  checksum: 841eb88217ca583b0921ff9600cd48bcda74c1c949e695f637dfb3b78a7bf1bf96b0c3a8602324460ab871b5ead1e0727e2019165d7c28713d194de15f9e4056
  languageName: node
  linkType: hard

"@types/d3-dispatch@npm:^1":
  version: 1.0.9
  resolution: "@types/d3-dispatch@npm:1.0.9"
  checksum: d04c07ce3902f248f955a076b10117b4394c02d3b53a03230a8b25f7df40e3cfe2d303189bec10388bff0cd8904152245eaecb2ceec2a5c35d0c3f379bc98a48
  languageName: node
  linkType: hard

"@types/d3-drag@npm:^1":
  version: 1.2.5
  resolution: "@types/d3-drag@npm:1.2.5"
  dependencies:
    "@types/d3-selection": ^1
  checksum: d4e98a4f616201adca591023e1a370db13caf1f26d11fa5ce80788d0de4e3bd18414d9f7b1414317e948f595fbc93ba21fc9b01b5fa13743583d788368d735dd
  languageName: node
  linkType: hard

"@types/d3-dsv@npm:^1":
  version: 1.2.1
  resolution: "@types/d3-dsv@npm:1.2.1"
  checksum: 62e271128530c6bac589f3be76f95b11a052c6af3606b65f82e378981300b5f1d6c3841448744c07680bf40af35a8aad3b6100bbd357007ffe4e111c5e4a34fe
  languageName: node
  linkType: hard

"@types/d3-ease@npm:^1":
  version: 1.0.11
  resolution: "@types/d3-ease@npm:1.0.11"
  checksum: fe28fbdbd75f0baeac5504c0a3acf7a4202865547b04dab840b8278bd0b0287f244e7b333bf212d22b3fcbea51b58650e1f62ea6ad3a3d74ad3c6894c54df81b
  languageName: node
  linkType: hard

"@types/d3-fetch@npm:^1":
  version: 1.2.2
  resolution: "@types/d3-fetch@npm:1.2.2"
  dependencies:
    "@types/d3-dsv": ^1
  checksum: ff53208b073ba2267e52b5af60fb853b792a7b44f46cb2644423fb507b2ed28e953f3fb04bb0d355639a9abfcdbabb82c3ca8e171a5f03b9d2b91b276ec8c704
  languageName: node
  linkType: hard

"@types/d3-force@npm:^1":
  version: 1.2.4
  resolution: "@types/d3-force@npm:1.2.4"
  checksum: 07f159da9cd7fe75f0fc6d4e8f27e9059b9ebd27a4a5fe0361624ea2f56ba3af24b96797fd49cdff65ec10a674170d48dd13a30c8e37ec95672aae97bb2aaa79
  languageName: node
  linkType: hard

"@types/d3-format@npm:^1":
  version: 1.4.2
  resolution: "@types/d3-format@npm:1.4.2"
  checksum: aa70d25a3e2010bf3979044b438b8c387e6749a30d1cd95a37eac90e378a7b70bba4a6cce426d18dc936c95a95afe3b2efd2bb3c9a14bf0ce165a5b72f0aa09f
  languageName: node
  linkType: hard

"@types/d3-geo@npm:^1":
  version: 1.12.3
  resolution: "@types/d3-geo@npm:1.12.3"
  dependencies:
    "@types/geojson": "*"
  checksum: f06fde83cae3ff5915a1dcc5ce5600c4a8212296d6cc14246081524c44d82cd93e3734246726c1eaed5800ac2d8155bfe2648ba573f25fa8082a91ec44f61768
  languageName: node
  linkType: hard

"@types/d3-hierarchy@npm:^1":
  version: 1.1.8
  resolution: "@types/d3-hierarchy@npm:1.1.8"
  checksum: fb661b4d4727c8726ca5bc8dcd425811f1473cff7294dce55b0943d223b8d547c0f1d000c0b4ca7a7ce42e683e255521730a93b255f3ff3c9c8528420815415e
  languageName: node
  linkType: hard

"@types/d3-interpolate@npm:^1":
  version: 1.4.2
  resolution: "@types/d3-interpolate@npm:1.4.2"
  dependencies:
    "@types/d3-color": ^1
  checksum: 3d551377c036580efb4f918171300d849d9bf7c6fe61b1ee6ba916065a2e406cded2aaef067a39d068ec6ab898053abb703413921f2d3701c9332bd201152ef9
  languageName: node
  linkType: hard

"@types/d3-path@npm:^1":
  version: 1.0.9
  resolution: "@types/d3-path@npm:1.0.9"
  checksum: acbf7376fd7bef61701bce915bf5a9cb5eaa9741b7919d3e644f841a65faf1aea3cf63ba949c21ddda8c9849221394856a2054805aa698d3bb5ac3fe7d029817
  languageName: node
  linkType: hard

"@types/d3-polygon@npm:^1":
  version: 1.0.8
  resolution: "@types/d3-polygon@npm:1.0.8"
  checksum: 20ed3432a9cb436e4cc8b3623ccce2b030955cb9a57175119607f946e78e3d13f5c7c1fd543cac3fc942b6d2d2a8c6868e2d4180ec691feae7f66adb596744a4
  languageName: node
  linkType: hard

"@types/d3-quadtree@npm:^1":
  version: 1.0.9
  resolution: "@types/d3-quadtree@npm:1.0.9"
  checksum: 4e6dcbaef392461b1a1bcfc292385f225d9d5dbcd4f7d3264b66817d6cc7c7686d4347c5271d3fb4393cecd796657346659b45ac59e19990e8b3572cd1f00e95
  languageName: node
  linkType: hard

"@types/d3-random@npm:^1":
  version: 1.1.3
  resolution: "@types/d3-random@npm:1.1.3"
  checksum: 09420e5b0e94282afc4c3895a8687e53cf87c14470b134ac9ac8fc262f4d69ab0b09464d8c596a809f412d6c564a14102c391ee3c8ac4d93447a661ac3d3e285
  languageName: node
  linkType: hard

"@types/d3-scale-chromatic@npm:^1":
  version: 1.5.1
  resolution: "@types/d3-scale-chromatic@npm:1.5.1"
  checksum: 45e273d6f9493a7ee2318fb7b92f999c618f6d262c7db5a9e25414692b932095f32d992cc749528d6f2add49c02965d101cd3718c3e516510222de9c6201fbcd
  languageName: node
  linkType: hard

"@types/d3-scale@npm:^2":
  version: 2.2.6
  resolution: "@types/d3-scale@npm:2.2.6"
  dependencies:
    "@types/d3-time": ^1
  checksum: ba4bd7e09995f8c08b0723b74aae5a165dbdf46178ae06016f6a4c7dd810dba76b8ec4b000bef95424eed204c02b7e7f3d9b8faaaf16255c57e79c4a59e3f18e
  languageName: node
  linkType: hard

"@types/d3-selection@npm:^1":
  version: 1.4.3
  resolution: "@types/d3-selection@npm:1.4.3"
  checksum: 6ab11ac517d5878dca18021c698576f6678fb8374dcf1c519021969ba90d6c84fb8368f8f555bddce78b278b95d40f438398e1b082a96c257b7103ec543ad28b
  languageName: node
  linkType: hard

"@types/d3-shape@npm:^1":
  version: 1.3.8
  resolution: "@types/d3-shape@npm:1.3.8"
  dependencies:
    "@types/d3-path": ^1
  checksum: a7f78a3f0be1215b512efb636ba381768ab4104ef9b72b7fcc2ab9810e7d6fc2ee062f3103ef99236f4462deabac60d2fd96375315ec7ad33278757918c94592
  languageName: node
  linkType: hard

"@types/d3-time-format@npm:^2":
  version: 2.3.1
  resolution: "@types/d3-time-format@npm:2.3.1"
  checksum: 4c22f0454abc374a5a830ba6b84bed021a276cba44ad3ac0d611d1e152dc00ed54af62ce6f431675a2ea5f37f5ce86c05b096420a068caf855b989b269b68deb
  languageName: node
  linkType: hard

"@types/d3-time@npm:^1":
  version: 1.1.1
  resolution: "@types/d3-time@npm:1.1.1"
  checksum: 5c859a2219fd9d4eeac7962eb981b6bb99a23044286fe093b247a98c72b4fe0ccd635cb0e9c4e4454fe56b8e655a26a414d3dd79bcb2074400ad6c2b1e78b633
  languageName: node
  linkType: hard

"@types/d3-timer@npm:^1":
  version: 1.0.10
  resolution: "@types/d3-timer@npm:1.0.10"
  checksum: da893a7ac813e36a7bfdd9f3a95eb1b91bdb807ecfc03cce44bb1dcb8ea5269e7ddb2756fa2c070390998c1ccf9ad7d454f1a586b9b3ec899f5340e89a8b6620
  languageName: node
  linkType: hard

"@types/d3-transition@npm:^1":
  version: 1.3.2
  resolution: "@types/d3-transition@npm:1.3.2"
  dependencies:
    "@types/d3-selection": ^1
  checksum: 3b9687382363fa3ee5732944ecdf9b3e36801611779be671a73617a69b49173c6081e1f82f9546af6d3aff9afbe217f4a6c1cbd3ae06e6822033c22b321c5305
  languageName: node
  linkType: hard

"@types/d3-voronoi@npm:*":
  version: 1.1.9
  resolution: "@types/d3-voronoi@npm:1.1.9"
  checksum: 604e8c4fb4d65f9fc6a549fc3a32a8e9bc7e54e566a2ca6a834f5ff91e41728b3289cfc5c85dd96283fac772c7b9184e023702ec7230e2646a97b78907ddbecb
  languageName: node
  linkType: hard

"@types/d3-zoom@npm:^1":
  version: 1.8.3
  resolution: "@types/d3-zoom@npm:1.8.3"
  dependencies:
    "@types/d3-interpolate": ^1
    "@types/d3-selection": ^1
  checksum: 41731fcba0dd5f5c0fa6a4f6e491daae0fa273cb1ab63a5ac23dbcfbcd9249e7ff04edddd6e6a527a7849e5759c9c273dd325d2f41e565059a83b547b2af64ab
  languageName: node
  linkType: hard

"@types/d3@npm:^5.7.2":
  version: 5.16.4
  resolution: "@types/d3@npm:5.16.4"
  dependencies:
    "@types/d3-array": ^1
    "@types/d3-axis": ^1
    "@types/d3-brush": ^1
    "@types/d3-chord": ^1
    "@types/d3-collection": "*"
    "@types/d3-color": ^1
    "@types/d3-contour": ^1
    "@types/d3-dispatch": ^1
    "@types/d3-drag": ^1
    "@types/d3-dsv": ^1
    "@types/d3-ease": ^1
    "@types/d3-fetch": ^1
    "@types/d3-force": ^1
    "@types/d3-format": ^1
    "@types/d3-geo": ^1
    "@types/d3-hierarchy": ^1
    "@types/d3-interpolate": ^1
    "@types/d3-path": ^1
    "@types/d3-polygon": ^1
    "@types/d3-quadtree": ^1
    "@types/d3-random": ^1
    "@types/d3-scale": ^2
    "@types/d3-scale-chromatic": ^1
    "@types/d3-selection": ^1
    "@types/d3-shape": ^1
    "@types/d3-time": ^1
    "@types/d3-time-format": ^2
    "@types/d3-timer": ^1
    "@types/d3-transition": ^1
    "@types/d3-voronoi": "*"
    "@types/d3-zoom": ^1
  checksum: 8b25bd1935f7b9b580da8c3180ee23a5bd79f5ffd104520d5d4bd3ba6e9db0ab5f2c8765a4ff6757a6ad9b37f0cf4213fe9ceca3958676ed50e56403764e04af
  languageName: node
  linkType: hard

"@types/geojson@npm:*":
  version: 7946.0.10
  resolution: "@types/geojson@npm:7946.0.10"
  checksum: 12c407c2dc93ecb26c08af533ee732f1506a9b29456616ba7ba1d525df96206c28ddf44a528f6a5415d7d22893e9d967420940a9c095ee5e539c1eba5fefc1f4
  languageName: node
  linkType: hard

"commander@npm:2":
  version: 2.20.3
  resolution: "commander@npm:2.20.3"
  checksum: ab8c07884e42c3a8dbc5dd9592c606176c7eb5c1ca5ff274bcf907039b2c41de3626f684ea75ccf4d361ba004bbaff1f577d5384c155f3871e456bdf27becf9e
  languageName: node
  linkType: hard

"commander@npm:7":
  version: 7.2.0
  resolution: "commander@npm:7.2.0"
  checksum: 53501cbeee61d5157546c0bef0fedb6cdfc763a882136284bed9a07225f09a14b82d2a84e7637edfd1a679fb35ed9502fd58ef1d091e6287f60d790147f68ddc
  languageName: node
  linkType: hard

"d3-array@npm:2 - 3, d3-array@npm:2.10.0 - 3, d3-array@npm:2.5.0 - 3, d3-array@npm:3, d3-array@npm:^3.2.0":
  version: 3.2.2
  resolution: "d3-array@npm:3.2.2"
  dependencies:
    internmap: 1 - 2
  checksum: 98af3db792685ceca5d9c3721efba0c567520da5532b2c7a590fd83627a598ea225d11c2cecbad404dc154120feb5ea6df0ded38f82ddf342c714cfd0c6143d1
  languageName: node
  linkType: hard

"d3-axis@npm:3":
  version: 3.0.0
  resolution: "d3-axis@npm:3.0.0"
  checksum: 227ddaa6d4bad083539c1ec245e2228b4620cca941997a8a650cb0af239375dc20271993127eedac66f0543f331027aca09385e1e16eed023f93eac937cddf0b
  languageName: node
  linkType: hard

"d3-brush@npm:3":
  version: 3.0.0
  resolution: "d3-brush@npm:3.0.0"
  dependencies:
    d3-dispatch: 1 - 3
    d3-drag: 2 - 3
    d3-interpolate: 1 - 3
    d3-selection: 3
    d3-transition: 3
  checksum: 1d042167769a02ac76271c71e90376d7184206e489552b7022a8ec2860209fe269db55e0a3430f3dcbe13b6fec2ff65b1adeaccba3218991b38e022390df72e3
  languageName: node
  linkType: hard

"d3-chord@npm:3":
  version: 3.0.1
  resolution: "d3-chord@npm:3.0.1"
  dependencies:
    d3-path: 1 - 3
  checksum: ddf35d41675e0f8738600a8a2f05bf0858def413438c12cba357c5802ecc1014c80a658acbbee63cbad2a8c747912efb2358455d93e59906fe37469f1dc6b78b
  languageName: node
  linkType: hard

"d3-color@npm:1 - 3, d3-color@npm:3":
  version: 3.1.0
  resolution: "d3-color@npm:3.1.0"
  checksum: 4931fbfda5d7c4b5cfa283a13c91a954f86e3b69d75ce588d06cde6c3628cebfc3af2069ccf225e982e8987c612aa7948b3932163ce15eb3c11cd7c003f3ee3b
  languageName: node
  linkType: hard

"d3-contour@npm:4":
  version: 4.0.2
  resolution: "d3-contour@npm:4.0.2"
  dependencies:
    d3-array: ^3.2.0
  checksum: 56aa082c1acf62a45b61c8d29fdd307041785aa17d9a07de7d1d848633769887a33fb6823888afa383f31c460d0f21d24756593e84e334ddb92d774214d32f1b
  languageName: node
  linkType: hard

"d3-delaunay@npm:6":
  version: 6.0.2
  resolution: "d3-delaunay@npm:6.0.2"
  dependencies:
    delaunator: 5
  checksum: 80b18686dd7a5919a570000061f1515d106b7c7e3cba9da55706c312fc8f6de58a72674f2ea4eadc6694611f2df59f82c8b9d304845dd8b7903ee1f303aa5865
  languageName: node
  linkType: hard

"d3-dispatch@npm:1 - 3, d3-dispatch@npm:3":
  version: 3.0.1
  resolution: "d3-dispatch@npm:3.0.1"
  checksum: fdfd4a230f46463e28e5b22a45dd76d03be9345b605e1b5dc7d18bd7ebf504e6c00ae123fd6d03e23d9e2711e01f0e14ea89cd0632545b9f0c00b924ba4be223
  languageName: node
  linkType: hard

"d3-drag@npm:2 - 3, d3-drag@npm:3":
  version: 3.0.0
  resolution: "d3-drag@npm:3.0.0"
  dependencies:
    d3-dispatch: 1 - 3
    d3-selection: 3
  checksum: d297231e60ecd633b0d076a63b4052b436ddeb48b5a3a11ff68c7e41a6774565473a6b064c5e9256e88eca6439a917ab9cea76032c52d944ddbf4fd289e31111
  languageName: node
  linkType: hard

"d3-dsv@npm:1 - 3, d3-dsv@npm:3":
  version: 3.0.1
  resolution: "d3-dsv@npm:3.0.1"
  dependencies:
    commander: 7
    iconv-lite: 0.6
    rw: 1
  bin:
    csv2json: bin/dsv2json.js
    csv2tsv: bin/dsv2dsv.js
    dsv2dsv: bin/dsv2dsv.js
    dsv2json: bin/dsv2json.js
    json2csv: bin/json2dsv.js
    json2dsv: bin/json2dsv.js
    json2tsv: bin/json2dsv.js
    tsv2csv: bin/dsv2dsv.js
    tsv2json: bin/dsv2json.js
  checksum: 5fc0723647269d5dccd181d74f2265920ab368a2868b0b4f55ffa2fecdfb7814390ea28622cd61ee5d9594ab262879509059544e9f815c54fe76fbfb4ffa4c8a
  languageName: node
  linkType: hard

"d3-dsv@npm:^1.2.0":
  version: 1.2.0
  resolution: "d3-dsv@npm:1.2.0"
  dependencies:
    commander: 2
    iconv-lite: 0.4
    rw: 1
  bin:
    csv2json: bin/dsv2json
    csv2tsv: bin/dsv2dsv
    dsv2dsv: bin/dsv2dsv
    dsv2json: bin/dsv2json
    json2csv: bin/json2dsv
    json2dsv: bin/json2dsv
    json2tsv: bin/json2dsv
    tsv2csv: bin/dsv2dsv
    tsv2json: bin/dsv2json
  checksum: 96c6e3d5ca1566624ca613b5941bc6fa916082cbe4b2b71cb6c5978c471db58c489b17206e3e31fbe30719dbd75e9c8ed8ab12a9d353cff90a35102690de7823
  languageName: node
  linkType: hard

"d3-ease@npm:1 - 3, d3-ease@npm:3":
  version: 3.0.1
  resolution: "d3-ease@npm:3.0.1"
  checksum: 06e2ee5326d1e3545eab4e2c0f84046a123dcd3b612e68858219aa034da1160333d9ce3da20a1d3486d98cb5c2a06f7d233eee1bc19ce42d1533458bd85dedcd
  languageName: node
  linkType: hard

"d3-fetch@npm:3":
  version: 3.0.1
  resolution: "d3-fetch@npm:3.0.1"
  dependencies:
    d3-dsv: 1 - 3
  checksum: 382dcea06549ef82c8d0b719e5dc1d96286352579e3b51b20f71437f5800323315b09cf7dcfd4e1f60a41e1204deb01758470cea257d2285a7abd9dcec806984
  languageName: node
  linkType: hard

"d3-force@npm:3":
  version: 3.0.0
  resolution: "d3-force@npm:3.0.0"
  dependencies:
    d3-dispatch: 1 - 3
    d3-quadtree: 1 - 3
    d3-timer: 1 - 3
  checksum: 6c7e96438cab62fa32aeadb0ade3297b62b51f81b1b38b0a60a5ec9fd627d74090c1189654d92df2250775f31b06812342f089f1d5947de9960a635ee3581def
  languageName: node
  linkType: hard

"d3-format@npm:1 - 3, d3-format@npm:3":
  version: 3.1.0
  resolution: "d3-format@npm:3.1.0"
  checksum: f345ec3b8ad3cab19bff5dead395bd9f5590628eb97a389b1dd89f0b204c7c4fc1d9520f13231c2c7cf14b7c9a8cf10f8ef15bde2befbab41454a569bd706ca2
  languageName: node
  linkType: hard

"d3-geo@npm:3":
  version: 3.1.0
  resolution: "d3-geo@npm:3.1.0"
  dependencies:
    d3-array: 2.5.0 - 3
  checksum: adf82b0c105c0c5951ae0a833d4dfc479a563791ad7938579fa14e1cffd623b469d8aa7a37dc413a327fb6ac56880f3da3f6c43d4abe3c923972dd98f34f37d1
  languageName: node
  linkType: hard

"d3-hierarchy@npm:3":
  version: 3.1.2
  resolution: "d3-hierarchy@npm:3.1.2"
  checksum: 0fd946a8c5fd4686d43d3e11bbfc2037a145fda29d2261ccd0e36f70b66af6d7638e2c0c7112124d63fc3d3127197a00a6aecf676bd5bd392a94d7235a214263
  languageName: node
  linkType: hard

"d3-interpolate@npm:1 - 3, d3-interpolate@npm:1.2.0 - 3, d3-interpolate@npm:3":
  version: 3.0.1
  resolution: "d3-interpolate@npm:3.0.1"
  dependencies:
    d3-color: 1 - 3
  checksum: a42ba314e295e95e5365eff0f604834e67e4a3b3c7102458781c477bd67e9b24b6bb9d8e41ff5521050a3f2c7c0c4bbbb6e187fd586daa3980943095b267e78b
  languageName: node
  linkType: hard

"d3-path@npm:1 - 3, d3-path@npm:3, d3-path@npm:^3.1.0":
  version: 3.1.0
  resolution: "d3-path@npm:3.1.0"
  checksum: 2306f1bd9191e1eac895ec13e3064f732a85f243d6e627d242a313f9777756838a2215ea11562f0c7630c7c3b16a19ec1fe0948b1c82f3317fac55882f6ee5d8
  languageName: node
  linkType: hard

"d3-polygon@npm:3":
  version: 3.0.1
  resolution: "d3-polygon@npm:3.0.1"
  checksum: 0b85c532517895544683849768a2c377cee3801ef8ccf3fa9693c8871dd21a0c1a2a0fc75ff54192f0ba2c562b0da2bc27f5bf959dfafc7fa23573b574865d2c
  languageName: node
  linkType: hard

"d3-quadtree@npm:1 - 3, d3-quadtree@npm:3":
  version: 3.0.1
  resolution: "d3-quadtree@npm:3.0.1"
  checksum: 5469d462763811475f34a7294d984f3eb100515b0585ca5b249656f6b1a6e99b20056a2d2e463cc9944b888896d2b1d07859c50f9c0cf23438df9cd2e3146066
  languageName: node
  linkType: hard

"d3-random@npm:3":
  version: 3.0.1
  resolution: "d3-random@npm:3.0.1"
  checksum: a70ad8d1cabe399ebeb2e482703121ac8946a3b336830b518da6848b9fdd48a111990fc041dc716f16885a72176ffa2898f2a250ca3d363ecdba5ef92b18e131
  languageName: node
  linkType: hard

"d3-scale-chromatic@npm:3":
  version: 3.0.0
  resolution: "d3-scale-chromatic@npm:3.0.0"
  dependencies:
    d3-color: 1 - 3
    d3-interpolate: 1 - 3
  checksum: a8ce4cb0267a17b28ebbb929f5e3071d985908a9c13b6fcaa2a198e1e018f275804d691c5794b970df0049725b7944f32297b31603d235af6414004f0c7f82c0
  languageName: node
  linkType: hard

"d3-scale@npm:4":
  version: 4.0.2
  resolution: "d3-scale@npm:4.0.2"
  dependencies:
    d3-array: 2.10.0 - 3
    d3-format: 1 - 3
    d3-interpolate: 1.2.0 - 3
    d3-time: 2.1.1 - 3
    d3-time-format: 2 - 4
  checksum: a9c770d283162c3bd11477c3d9d485d07f8db2071665f1a4ad23eec3e515e2cefbd369059ec677c9ac849877d1a765494e90e92051d4f21111aa56791c98729e
  languageName: node
  linkType: hard

"d3-selection@npm:2 - 3, d3-selection@npm:3":
  version: 3.0.0
  resolution: "d3-selection@npm:3.0.0"
  checksum: f4e60e133309115b99f5b36a79ae0a19d71ee6e2d5e3c7216ef3e75ebd2cb1e778c2ed2fa4c01bef35e0dcbd96c5428f5bd6ca2184fe2957ed582fde6841cbc5
  languageName: node
  linkType: hard

"d3-shape@npm:3":
  version: 3.2.0
  resolution: "d3-shape@npm:3.2.0"
  dependencies:
    d3-path: ^3.1.0
  checksum: de2af5fc9a93036a7b68581ca0bfc4aca2d5a328aa7ba7064c11aedd44d24f310c20c40157cb654359d4c15c3ef369f95ee53d71221017276e34172c7b719cfa
  languageName: node
  linkType: hard

"d3-time-format@npm:2 - 4, d3-time-format@npm:4":
  version: 4.1.0
  resolution: "d3-time-format@npm:4.1.0"
  dependencies:
    d3-time: 1 - 3
  checksum: 7342bce28355378152bbd4db4e275405439cabba082d9cd01946d40581140481c8328456d91740b0fe513c51ec4a467f4471ffa390c7e0e30ea30e9ec98fcdf4
  languageName: node
  linkType: hard

"d3-time@npm:1 - 3, d3-time@npm:2.1.1 - 3, d3-time@npm:3":
  version: 3.1.0
  resolution: "d3-time@npm:3.1.0"
  dependencies:
    d3-array: 2 - 3
  checksum: 613b435352a78d9f31b7f68540788186d8c331b63feca60ad21c88e9db1989fe888f97f242322ebd6365e45ec3fb206a4324cd4ca0dfffa1d9b5feb856ba00a7
  languageName: node
  linkType: hard

"d3-timer@npm:1 - 3, d3-timer@npm:3":
  version: 3.0.1
  resolution: "d3-timer@npm:3.0.1"
  checksum: 1cfddf86d7bca22f73f2c427f52dfa35c49f50d64e187eb788dcad6e927625c636aa18ae4edd44d084eb9d1f81d8ca4ec305dae7f733c15846a824575b789d73
  languageName: node
  linkType: hard

"d3-transition@npm:2 - 3, d3-transition@npm:3":
  version: 3.0.1
  resolution: "d3-transition@npm:3.0.1"
  dependencies:
    d3-color: 1 - 3
    d3-dispatch: 1 - 3
    d3-ease: 1 - 3
    d3-interpolate: 1 - 3
    d3-timer: 1 - 3
  peerDependencies:
    d3-selection: 2 - 3
  checksum: cb1e6e018c3abf0502fe9ff7b631ad058efb197b5e14b973a410d3935aead6e3c07c67d726cfab258e4936ef2667c2c3d1cd2037feb0765f0b4e1d3b8788c0ea
  languageName: node
  linkType: hard

"d3-zoom@npm:3":
  version: 3.0.0
  resolution: "d3-zoom@npm:3.0.0"
  dependencies:
    d3-dispatch: 1 - 3
    d3-drag: 2 - 3
    d3-interpolate: 1 - 3
    d3-selection: 2 - 3
    d3-transition: 2 - 3
  checksum: 8056e3527281cfd1ccbcbc458408f86973b0583e9dac00e51204026d1d36803ca437f970b5736f02fafed9f2b78f145f72a5dbc66397e02d4d95d4c594b8ff54
  languageName: node
  linkType: hard

"d3@npm:^7.8.2":
  version: 7.8.2
  resolution: "d3@npm:7.8.2"
  dependencies:
    d3-array: 3
    d3-axis: 3
    d3-brush: 3
    d3-chord: 3
    d3-color: 3
    d3-contour: 4
    d3-delaunay: 6
    d3-dispatch: 3
    d3-drag: 3
    d3-dsv: 3
    d3-ease: 3
    d3-fetch: 3
    d3-force: 3
    d3-format: 3
    d3-geo: 3
    d3-hierarchy: 3
    d3-interpolate: 3
    d3-path: 3
    d3-polygon: 3
    d3-quadtree: 3
    d3-random: 3
    d3-scale: 4
    d3-scale-chromatic: 3
    d3-selection: 3
    d3-shape: 3
    d3-time: 3
    d3-time-format: 4
    d3-timer: 3
    d3-transition: 3
    d3-zoom: 3
  checksum: e7bf5918f2a97d0c0cc489d64348b323446aa824c32b65f0888846c26f80ed05dbee18a4b7c9a487b3e60d9d404e4672d169573fe63439e3e53abd5812bcd766
  languageName: node
  linkType: hard

"delaunator@npm:5":
  version: 5.0.0
  resolution: "delaunator@npm:5.0.0"
  dependencies:
    robust-predicates: ^3.0.0
  checksum: d6764188442b7f7c6bcacebd96edc00e35f542a96f1af3ef600e586bfb9849a3682c489c0ab423440c90bc4c7cac77f28761babff76fa29e193e1cf50a95b860
  languageName: node
  linkType: hard

"iconv-lite@npm:0.4":
  version: 0.4.24
  resolution: "iconv-lite@npm:0.4.24"
  dependencies:
    safer-buffer: ">= 2.1.2 < 3"
  checksum: bd9f120f5a5b306f0bc0b9ae1edeb1577161503f5f8252a20f1a9e56ef8775c9959fd01c55f2d3a39d9a8abaf3e30c1abeb1895f367dcbbe0a8fd1c9ca01c4f6
  languageName: node
  linkType: hard

"iconv-lite@npm:0.6":
  version: 0.6.3
  resolution: "iconv-lite@npm:0.6.3"
  dependencies:
    safer-buffer: ">= 2.1.2 < 3.0.0"
  checksum: 3f60d47a5c8fc3313317edfd29a00a692cc87a19cac0159e2ce711d0ebc9019064108323b5e493625e25594f11c6236647d8e256fbe7a58f4a3b33b89e6d30bf
  languageName: node
  linkType: hard

"internmap@npm:1 - 2":
  version: 2.0.3
  resolution: "internmap@npm:2.0.3"
  checksum: 7ca41ec6aba8f0072fc32fa8a023450a9f44503e2d8e403583c55714b25efd6390c38a87161ec456bf42d7bc83aab62eb28f5aef34876b1ac4e60693d5e1d241
  languageName: node
  linkType: hard

"obesity-story@workspace:.":
  version: 0.0.0-use.local
  resolution: "obesity-story@workspace:."
  dependencies:
    "@types/d3": ^5.7.2
    d3: ^7.8.2
    d3-dsv: ^1.2.0
  languageName: unknown
  linkType: soft

"robust-predicates@npm:^3.0.0":
  version: 3.0.1
  resolution: "robust-predicates@npm:3.0.1"
  checksum: 45e9de2df4380da84a2a561d4fd54ea92194e878b93ed19d5e4bc90f4e834a13755e846c8516bab8360190309696f0564a0150386c52ef01f70f2b388449dac5
  languageName: node
  linkType: hard

"rw@npm:1":
  version: 1.3.3
  resolution: "rw@npm:1.3.3"
  checksum: c20d82421f5a71c86a13f76121b751553a99cd4a70ea27db86f9b23f33db941f3f06019c30f60d50c356d0bd674c8e74764ac146ea55e217c091bde6fba82aa3
  languageName: node
  linkType: hard

"safer-buffer@npm:>= 2.1.2 < 3, safer-buffer@npm:>= 2.1.2 < 3.0.0":
  version: 2.1.2
  resolution: "safer-buffer@npm:2.1.2"
  checksum: cab8f25ae6f1434abee8d80023d7e72b598cf1327164ddab31003c51215526801e40b66c5e65d658a0af1e9d6478cadcb4c745f4bd6751f97d8644786c0978b0
  languageName: node
  linkType: hard
